
Microsoft Visual Studio Solution File, Format Version 12.00
# Visual Studio Version 16
VisualStudioVersion = 16.0.30611.23
MinimumVisualStudioVersion = 10.0.40219.1
Project("{FAE04EC0-301F-11D3-BF4B-00C04F79EFBC}") = "Homework1", "Homework1\Homework1.csproj", "{2BA51502-47E6-40C1-BCF2-65A0411C8560}"
EndProject
Project("{FAE04EC0-301F-11D3-BF4B-00C04F79EFBC}") = "Homework1.2", "Homework1.2\Homework1.2.csproj", "{5F7888A3-B104-41D1-B916-C7F359CB18E1}"
EndProject
Project("{FAE04EC0-301F-11D3-BF4B-00C04F79EFBC}") = "Homework1.3", "Homework1.3\Homework1.3.csproj", "{2060CF27-B9B5-439E-9B0F-04D45739E2D0}"
EndProject
Project("{FAE04EC0-301F-11D3-BF4B-00C04F79EFBC}") = "Homework1.4", "Homework1.4\Homework1.4.csproj", "{C400C7FD-3170-4C25-8714-E727D81311C6}"
EndProject
Project("{FAE04EC0-301F-11D3-BF4B-00C04F79EFBC}") = "Homework1.5", "Homework1.5\Homework1.5.csproj", "{D89EA084-E0DA-47DA-BB6D-188B2D982439}"
EndProject
Global
	GlobalSection(SolutionConfigurationPlatforms) = preSolution
		Debug|Any CPU = Debug|Any CPU
		Release|Any CPU = Release|Any CPU
	EndGlobalSection
	GlobalSection(ProjectConfigurationPlatforms) = postSolution
		{2BA51502-47E6-40C1-BCF2-65A0411C8560}.Debug|Any CPU.ActiveCfg = Debug|Any CPU
		{2BA51502-47E6-40C1-BCF2-65A0411C8560}.Debug|Any CPU.Build.0 = Debug|Any CPU
		{2BA51502-47E6-40C1-BCF2-65A0411C8560}.Release|Any CPU.ActiveCfg = Release|Any CPU
		{2BA51502-47E6-40C1-BCF2-65A0411C8560}.Release|Any CPU.Build.0 = Release|Any CPU
		{5F7888A3-B104-41D1-B916-C7F359CB18E1}.Debug|Any CPU.ActiveCfg = Debug|Any CPU
		{5F7888A3-B104-41D1-B916-C7F359CB18E1}.Debug|Any CPU.Build.0 = Debug|Any CPU
		{5F7888A3-B104-41D1-B916-C7F359CB18E1}.Release|Any CPU.ActiveCfg = Release|Any CPU
		{5F7888A3-B104-41D1-B916-C7F359CB18E1}.Release|Any CPU.Build.0 = Release|Any CPU
		{2060CF27-B9B5-439E-9B0F-04D45739E2D0}.Debug|Any CPU.ActiveCfg = Debug|Any CPU
		{2060CF27-B9B5-439E-9B0F-04D45739E2D0}.Debug|Any CPU.Build.0 = Debug|Any CPU
		{2060CF27-B9B5-439E-9B0F-04D45739E2D0}.Release|Any CPU.ActiveCfg = Release|Any CPU
		{2060CF27-B9B5-439E-9B0F-04D45739E2D0}.Release|Any CPU.Build.0 = Release|Any CPU
		{C400C7FD-3170-4C25-8714-E727D81311C6}.Debug|Any CPU.ActiveCfg = Debug|Any CPU
		{C400C7FD-3170-4C25-8714-E727D81311C6}.Debug|Any CPU.Build.0 = Debug|Any CPU
		{C400C7FD-3170-4C25-8714-E727D81311C6}.Release|Any CPU.ActiveCfg = Release|Any CPU
		{C400C7FD-3170-4C25-8714-E727D81311C6}.Release|Any CPU.Build.0 = Release|Any CPU
		{D89EA084-E0DA-47DA-BB6D-188B2D982439}.Debug|Any CPU.ActiveCfg = Debug|Any CPU
		{D89EA084-E0DA-47DA-BB6D-188B2D982439}.Debug|Any CPU.Build.0 = Debug|Any CPU
		{D89EA084-E0DA-47DA-BB6D-188B2D982439}.Release|Any CPU.ActiveCfg = Release|Any CPU
		{D89EA084-E0DA-47DA-BB6D-188B2D982439}.Release|Any CPU.Build.0 = Release|Any CPU
	EndGlobalSection
	GlobalSection(SolutionProperties) = preSolution
		HideSolutionNode = FALSE
	EndGlobalSection
	GlobalSection(ExtensibilityGlobals) = postSolution
		SolutionGuid = {99A8B55B-2112-45A3-B0B9-67E8BA65B972}
	EndGlobalSection
EndGlobal
